// !$*UTF8*$!
{
	archiveVersion = 1;
	classes = {
	};
	objectVersion = 77;
	objects = {

/* Begin PBXBuildFile section */
		909AB9D567EC79563DFEFEE1 /* Pods_JHPopupManagerDemo.framework in Frameworks */ = {isa = PBXBuildFile; fileRef = 4FE25112C35910D1F9781712 /* Pods_JHPopupManagerDemo.framework */; };
/* End PBXBuildFile section */

/* Begin PBXContainerItemProxy section */
		35D172EE2DF9881E00581404 /* PBXContainerItemProxy */ = {
			isa = PBXContainerItemProxy;
			containerPortal = 35D172CF2DF9881C00581404 /* Project object */;
			proxyType = 1;
			remoteGlobalIDString = 35D172D62DF9881C00581404;
			remoteInfo = JHPopupManagerDemo;
		};
		35D172F82DF9881E00581404 /* PBXContainerItemProxy */ = {
			isa = PBXContainerItemProxy;
			containerPortal = 35D172CF2DF9881C00581404 /* Project object */;
			proxyType = 1;
			remoteGlobalIDString = 35D172D62DF9881C00581404;
			remoteInfo = JHPopupManagerDemo;
		};
/* End PBXContainerItemProxy section */

/* Begin PBXFileReference section */
		35D172D72DF9881C00581404 /* JHPopupManagerDemo.app */ = {isa = PBXFileReference; explicitFileType = wrapper.application; includeInIndex = 0; path = JHPopupManagerDemo.app; sourceTree = BUILT_PRODUCTS_DIR; };
		35D172ED2DF9881E00581404 /* JHPopupManagerDemoTests.xctest */ = {isa = PBXFileReference; explicitFileType = wrapper.cfbundle; includeInIndex = 0; path = JHPopupManagerDemoTests.xctest; sourceTree = BUILT_PRODUCTS_DIR; };
		35D172F72DF9881E00581404 /* JHPopupManagerDemoUITests.xctest */ = {isa = PBXFileReference; explicitFileType = wrapper.cfbundle; includeInIndex = 0; path = JHPopupManagerDemoUITests.xctest; sourceTree = BUILT_PRODUCTS_DIR; };
		37FDB451F8B461AB2AE4F2E3 /* Pods-JHPopupManagerDemo.release.xcconfig */ = {isa = PBXFileReference; includeInIndex = 1; lastKnownFileType = text.xcconfig; name = "Pods-JHPopupManagerDemo.release.xcconfig"; path = "Target Support Files/Pods-JHPopupManagerDemo/Pods-JHPopupManagerDemo.release.xcconfig"; sourceTree = "<group>"; };
		4FE25112C35910D1F9781712 /* Pods_JHPopupManagerDemo.framework */ = {isa = PBXFileReference; explicitFileType = wrapper.framework; includeInIndex = 0; path = Pods_JHPopupManagerDemo.framework; sourceTree = BUILT_PRODUCTS_DIR; };
		F74A292E1544B33FF7A79B2B /* Pods-JHPopupManagerDemo.debug.xcconfig */ = {isa = PBXFileReference; includeInIndex = 1; lastKnownFileType = text.xcconfig; name = "Pods-JHPopupManagerDemo.debug.xcconfig"; path = "Target Support Files/Pods-JHPopupManagerDemo/Pods-JHPopupManagerDemo.debug.xcconfig"; sourceTree = "<group>"; };
/* End PBXFileReference section */

/* Begin PBXFileSystemSynchronizedBuildFileExceptionSet section */
		35D172FF2DF9881E00581404 /* Exceptions for "JHPopupManagerDemo" folder in "JHPopupManagerDemo" target */ = {
			isa = PBXFileSystemSynchronizedBuildFileExceptionSet;
			membershipExceptions = (
				Info.plist,
			);
			target = 35D172D62DF9881C00581404 /* JHPopupManagerDemo */;
		};
/* End PBXFileSystemSynchronizedBuildFileExceptionSet section */

/* Begin PBXFileSystemSynchronizedRootGroup section */
		35D172D92DF9881C00581404 /* JHPopupManagerDemo */ = {
			isa = PBXFileSystemSynchronizedRootGroup;
			exceptions = (
				35D172FF2DF9881E00581404 /* Exceptions for "JHPopupManagerDemo" folder in "JHPopupManagerDemo" target */,
			);
			path = JHPopupManagerDemo;
			sourceTree = "<group>";
		};
		35D172F02DF9881E00581404 /* JHPopupManagerDemoTests */ = {
			isa = PBXFileSystemSynchronizedRootGroup;
			path = JHPopupManagerDemoTests;
			sourceTree = "<group>";
		};
		35D172FA2DF9881E00581404 /* JHPopupManagerDemoUITests */ = {
			isa = PBXFileSystemSynchronizedRootGroup;
			path = JHPopupManagerDemoUITests;
			sourceTree = "<group>";
		};
/* End PBXFileSystemSynchronizedRootGroup section */

/* Begin PBXFrameworksBuildPhase section */
		35D172D42DF9881C00581404 /* Frameworks */ = {
			isa = PBXFrameworksBuildPhase;
			buildActionMask = 2147483647;
			files = (
				909AB9D567EC79563DFEFEE1 /* Pods_JHPopupManagerDemo.framework in Frameworks */,
			);
			runOnlyForDeploymentPostprocessing = 0;
		};
		35D172EA2DF9881E00581404 /* Frameworks */ = {
			isa = PBXFrameworksBuildPhase;
			buildActionMask = 2147483647;
			files = (
			);
			runOnlyForDeploymentPostprocessing = 0;
		};
		35D172F42DF9881E00581404 /* Frameworks */ = {
			isa = PBXFrameworksBuildPhase;
			buildActionMask = 2147483647;
			files = (
			);
			runOnlyForDeploymentPostprocessing = 0;
		};
/* End PBXFrameworksBuildPhase section */

/* Begin PBXGroup section */
		24634AFBA286C5883F008713 /* Frameworks */ = {
			isa = PBXGroup;
			children = (
				4FE25112C35910D1F9781712 /* Pods_JHPopupManagerDemo.framework */,
			);
			name = Frameworks;
			sourceTree = "<group>";
		};
		35D172CE2DF9881C00581404 = {
			isa = PBXGroup;
			children = (
				35D172D92DF9881C00581404 /* JHPopupManagerDemo */,
				35D172F02DF9881E00581404 /* JHPopupManagerDemoTests */,
				35D172FA2DF9881E00581404 /* JHPopupManagerDemoUITests */,
				35D172D82DF9881C00581404 /* Products */,
				9250C0661F8FF397FD33F8A8 /* Pods */,
				24634AFBA286C5883F008713 /* Frameworks */,
			);
			sourceTree = "<group>";
		};
		35D172D82DF9881C00581404 /* Products */ = {
			isa = PBXGroup;
			children = (
				35D172D72DF9881C00581404 /* JHPopupManagerDemo.app */,
				35D172ED2DF9881E00581404 /* JHPopupManagerDemoTests.xctest */,
				35D172F72DF9881E00581404 /* JHPopupManagerDemoUITests.xctest */,
			);
			name = Products;
			sourceTree = "<group>";
		};
		9250C0661F8FF397FD33F8A8 /* Pods */ = {
			isa = PBXGroup;
			children = (
				F74A292E1544B33FF7A79B2B /* Pods-JHPopupManagerDemo.debug.xcconfig */,
				37FDB451F8B461AB2AE4F2E3 /* Pods-JHPopupManagerDemo.release.xcconfig */,
			);
			path = Pods;
			sourceTree = "<group>";
		};
/* End PBXGroup section */

/* Begin PBXNativeTarget section */
		35D172D62DF9881C00581404 /* JHPopupManagerDemo */ = {
			isa = PBXNativeTarget;
			buildConfigurationList = 35D173002DF9881E00581404 /* Build configuration list for PBXNativeTarget "JHPopupManagerDemo" */;
			buildPhases = (
				DE59907F5B5B8398708E4082 /* [CP] Check Pods Manifest.lock */,
				35D172D32DF9881C00581404 /* Sources */,
				35D172D42DF9881C00581404 /* Frameworks */,
				35D172D52DF9881C00581404 /* Resources */,
				4156AE187066DE8D7051829F /* [CP] Embed Pods Frameworks */,
			);
			buildRules = (
			);
			dependencies = (
			);
			fileSystemSynchronizedGroups = (
				35D172D92DF9881C00581404 /* JHPopupManagerDemo */,
			);
			name = JHPopupManagerDemo;
			productName = JHPopupManagerDemo;
			productReference = 35D172D72DF9881C00581404 /* JHPopupManagerDemo.app */;
			productType = "com.apple.product-type.application";
		};
		35D172EC2DF9881E00581404 /* JHPopupManagerDemoTests */ = {
			isa = PBXNativeTarget;
			buildConfigurationList = 35D173052DF9881E00581404 /* Build configuration list for PBXNativeTarget "JHPopupManagerDemoTests" */;
			buildPhases = (
				35D172E92DF9881E00581404 /* Sources */,
				35D172EA2DF9881E00581404 /* Frameworks */,
				35D172EB2DF9881E00581404 /* Resources */,
			);
			buildRules = (
			);
			dependencies = (
				35D172EF2DF9881E00581404 /* PBXTargetDependency */,
			);
			fileSystemSynchronizedGroups = (
				35D172F02DF9881E00581404 /* JHPopupManagerDemoTests */,
			);
			name = JHPopupManagerDemoTests;
			productName = JHPopupManagerDemoTests;
			productReference = 35D172ED2DF9881E00581404 /* JHPopupManagerDemoTests.xctest */;
			productType = "com.apple.product-type.bundle.unit-test";
		};
		35D172F62DF9881E00581404 /* JHPopupManagerDemoUITests */ = {
			isa = PBXNativeTarget;
			buildConfigurationList = 35D173082DF9881E00581404 /* Build configuration list for PBXNativeTarget "JHPopupManagerDemoUITests" */;
			buildPhases = (
				35D172F32DF9881E00581404 /* Sources */,
				35D172F42DF9881E00581404 /* Frameworks */,
				35D172F52DF9881E00581404 /* Resources */,
			);
			buildRules = (
			);
			dependencies = (
				35D172F92DF9881E00581404 /* PBXTargetDependency */,
			);
			fileSystemSynchronizedGroups = (
				35D172FA2DF9881E00581404 /* JHPopupManagerDemoUITests */,
			);
			name = JHPopupManagerDemoUITests;
			productName = JHPopupManagerDemoUITests;
			productReference = 35D172F72DF9881E00581404 /* JHPopupManagerDemoUITests.xctest */;
			productType = "com.apple.product-type.bundle.ui-testing";
		};
/* End PBXNativeTarget section */

/* Begin PBXProject section */
		35D172CF2DF9881C00581404 /* Project object */ = {
			isa = PBXProject;
			attributes = {
				BuildIndependentTargetsInParallel = 1;
				LastSwiftUpdateCheck = 1620;
				LastUpgradeCheck = 1620;
				TargetAttributes = {
					35D172D62DF9881C00581404 = {
						CreatedOnToolsVersion = 16.2;
						LastSwiftMigration = 1620;
					};
					35D172EC2DF9881E00581404 = {
						CreatedOnToolsVersion = 16.2;
						TestTargetID = 35D172D62DF9881C00581404;
					};
					35D172F62DF9881E00581404 = {
						CreatedOnToolsVersion = 16.2;
						TestTargetID = 35D172D62DF9881C00581404;
					};
				};
			};
			buildConfigurationList = 35D172D22DF9881C00581404 /* Build configuration list for PBXProject "JHPopupManagerDemo" */;
			developmentRegion = en;
			hasScannedForEncodings = 0;
			knownRegions = (
				en,
				Base,
			);
			mainGroup = 35D172CE2DF9881C00581404;
			minimizedProjectReferenceProxies = 1;
			preferredProjectObjectVersion = 77;
			productRefGroup = 35D172D82DF9881C00581404 /* Products */;
			projectDirPath = "";
			projectRoot = "";
			targets = (
				35D172D62DF9881C00581404 /* JHPopupManagerDemo */,
				35D172EC2DF9881E00581404 /* JHPopupManagerDemoTests */,
				35D172F62DF9881E00581404 /* JHPopupManagerDemoUITests */,
			);
		};
/* End PBXProject section */

/* Begin PBXResourcesBuildPhase section */
		35D172D52DF9881C00581404 /* Resources */ = {
			isa = PBXResourcesBuildPhase;
			buildActionMask = 2147483647;
			files = (
			);
			runOnlyForDeploymentPostprocessing = 0;
		};
		35D172EB2DF9881E00581404 /* Resources */ = {
			isa = PBXResourcesBuildPhase;
			buildActionMask = 2147483647;
			files = (
			);
			runOnlyForDeploymentPostprocessing = 0;
		};
		35D172F52DF9881E00581404 /* Resources */ = {
			isa = PBXResourcesBuildPhase;
			buildActionMask = 2147483647;
			files = (
			);
			runOnlyForDeploymentPostprocessing = 0;
		};
/* End PBXResourcesBuildPhase section */

/* Begin PBXShellScriptBuildPhase section */
		4156AE187066DE8D7051829F /* [CP] Embed Pods Frameworks */ = {
			isa = PBXShellScriptBuildPhase;
			buildActionMask = 2147483647;
			files = (
			);
			inputFileListPaths = (
				"${PODS_ROOT}/Target Support Files/Pods-JHPopupManagerDemo/Pods-JHPopupManagerDemo-frameworks-${CONFIGURATION}-input-files.xcfilelist",
			);
			name = "[CP] Embed Pods Frameworks";
			outputFileListPaths = (
				"${PODS_ROOT}/Target Support Files/Pods-JHPopupManagerDemo/Pods-JHPopupManagerDemo-frameworks-${CONFIGURATION}-output-files.xcfilelist",
			);
			runOnlyForDeploymentPostprocessing = 0;
			shellPath = /bin/sh;
			shellScript = "\"${PODS_ROOT}/Target Support Files/Pods-JHPopupManagerDemo/Pods-JHPopupManagerDemo-frameworks.sh\"\n";
			showEnvVarsInLog = 0;
		};
		DE59907F5B5B8398708E4082 /* [CP] Check Pods Manifest.lock */ = {
			isa = PBXShellScriptBuildPhase;
			buildActionMask = 2147483647;
			files = (
			);
			inputFileListPaths = (
			);
			inputPaths = (
				"${PODS_PODFILE_DIR_PATH}/Podfile.lock",
				"${PODS_ROOT}/Manifest.lock",
			);
			name = "[CP] Check Pods Manifest.lock";
			outputFileListPaths = (
			);
			outputPaths = (
				"$(DERIVED_FILE_DIR)/Pods-JHPopupManagerDemo-checkManifestLockResult.txt",
			);
			runOnlyForDeploymentPostprocessing = 0;
			shellPath = /bin/sh;
			shellScript = "diff \"${PODS_PODFILE_DIR_PATH}/Podfile.lock\" \"${PODS_ROOT}/Manifest.lock\" > /dev/null\nif [ $? != 0 ] ; then\n    # print error to STDERR\n    echo \"error: The sandbox is not in sync with the Podfile.lock. Run 'pod install' or update your CocoaPods installation.\" >&2\n    exit 1\nfi\n# This output is used by Xcode 'outputs' to avoid re-running this script phase.\necho \"SUCCESS\" > \"${SCRIPT_OUTPUT_FILE_0}\"\n";
			showEnvVarsInLog = 0;
		};
/* End PBXShellScriptBuildPhase section */

/* Begin PBXSourcesBuildPhase section */
		35D172D32DF9881C00581404 /* Sources */ = {
			isa = PBXSourcesBuildPhase;
			buildActionMask = 2147483647;
			files = (
			);
			runOnlyForDeploymentPostprocessing = 0;
		};
		35D172E92DF9881E00581404 /* Sources */ = {
			isa = PBXSourcesBuildPhase;
			buildActionMask = 2147483647;
			files = (
			);
			runOnlyForDeploymentPostprocessing = 0;
		};
		35D172F32DF9881E00581404 /* Sources */ = {
			isa = PBXSourcesBuildPhase;
			buildActionMask = 2147483647;
			files = (
			);
			runOnlyForDeploymentPostprocessing = 0;
		};
/* End PBXSourcesBuildPhase section */

/* Begin PBXTargetDependency section */
		35D172EF2DF9881E00581404 /* PBXTargetDependency */ = {
			isa = PBXTargetDependency;
			target = 35D172D62DF9881C00581404 /* JHPopupManagerDemo */;
			targetProxy = 35D172EE2DF9881E00581404 /* PBXContainerItemProxy */;
		};
		35D172F92DF9881E00581404 /* PBXTargetDependency */ = {
			isa = PBXTargetDependency;
			target = 35D172D62DF9881C00581404 /* JHPopupManagerDemo */;
			targetProxy = 35D172F82DF9881E00581404 /* PBXContainerItemProxy */;
		};
/* End PBXTargetDependency section */

/* Begin XCBuildConfiguration section */
		35D173012DF9881E00581404 /* Debug */ = {
			isa = XCBuildConfiguration;
			baseConfigurationReference = F74A292E1544B33FF7A79B2B /* Pods-JHPopupManagerDemo.debug.xcconfig */;
			buildSettings = {
				ASSETCATALOG_COMPILER_APPICON_NAME = AppIcon;
				ASSETCATALOG_COMPILER_GLOBAL_ACCENT_COLOR_NAME = AccentColor;
				CLANG_ENABLE_MODULES = YES;
				CODE_SIGN_STYLE = Automatic;
				CURRENT_PROJECT_VERSION = 1;
				ENABLE_USER_SCRIPT_SANDBOXING = NO;
				GENERATE_INFOPLIST_FILE = YES;
				INFOPLIST_FILE = JHPopupManagerDemo/Info.plist;
				INFOPLIST_KEY_UIApplicationSupportsIndirectInputEvents = YES;
				INFOPLIST_KEY_UILaunchStoryboardName = LaunchScreen;
				INFOPLIST_KEY_UIMainStoryboardFile = Main;
				INFOPLIST_KEY_UISupportedInterfaceOrientations_iPad = "UIInterfaceOrientationPortrait UIInterfaceOrientationPortraitUpsideDown UIInterfaceOrientationLandscapeLeft UIInterfaceOrientationLandscapeRight";
				INFOPLIST_KEY_UISupportedInterfaceOrientations_iPhone = "UIInterfaceOrientationPortrait UIInterfaceOrientationLandscapeLeft UIInterfaceOrientationLandscapeRight";
				IPHONEOS_DEPLOYMENT_TARGET = 13.0;
				LD_RUNPATH_SEARCH_PATHS = (
					"$(inherited)",
					"@executable_path/Frameworks",
				);
				MARKETING_VERSION = 1.0;
				PRODUCT_BUNDLE_IDENTIFIER = com.ogc.www.JHPopupManagerDemo;
				PRODUCT_NAME = "$(TARGET_NAME)";
				SWIFT_EMIT_LOC_STRINGS = YES;
				SWIFT_OBJC_BRIDGING_HEADER = "JHPopupManagerDemo/Alert/JHPopupManagerDemo-Bridging-Header.h";
				SWIFT_OPTIMIZATION_LEVEL = "-Onone";
				SWIFT_VERSION = 5.0;
				TARGETED_DEVICE_FAMILY = "1,2";
			};
			name = Debug;
		};
		35D173022DF9881E00581404 /* Release */ = {
			isa = XCBuildConfiguration;
			baseConfigurationReference = 37FDB451F8B461AB2AE4F2E3 /* Pods-JHPopupManagerDemo.release.xcconfig */;
			buildSettings = {
				ASSETCATALOG_COMPILER_APPICON_NAME = AppIcon;
				ASSETCATALOG_COMPILER_GLOBAL_ACCENT_COLOR_NAME = AccentColor;
				CLANG_ENABLE_MODULES = YES;
				CODE_SIGN_STYLE = Automatic;
				CURRENT_PROJECT_VERSION = 1;
				ENABLE_USER_SCRIPT_SANDBOXING = NO;
				GENERATE_INFOPLIST_FILE = YES;
				INFOPLIST_FILE = JHPopupManagerDemo/Info.plist;
				INFOPLIST_KEY_UIApplicationSupportsIndirectInputEvents = YES;
				INFOPLIST_KEY_UILaunchStoryboardName = LaunchScreen;
				INFOPLIST_KEY_UIMainStoryboardFile = Main;
				INFOPLIST_KEY_UISupportedInterfaceOrientations_iPad = "UIInterfaceOrientationPortrait UIInterfaceOrientationPortraitUpsideDown UIInterfaceOrientationLandscapeLeft UIInterfaceOrientationLandscapeRight";
				INFOPLIST_KEY_UISupportedInterfaceOrientations_iPhone = "UIInterfaceOrientationPortrait UIInterfaceOrientationLandscapeLeft UIInterfaceOrientationLandscapeRight";
				IPHONEOS_DEPLOYMENT_TARGET = 13.0;
				LD_RUNPATH_SEARCH_PATHS = (
					"$(inherited)",
					"@executable_path/Frameworks",
				);
				MARKETING_VERSION = 1.0;
				PRODUCT_BUNDLE_IDENTIFIER = com.ogc.www.JHPopupManagerDemo;
				PRODUCT_NAME = "$(TARGET_NAME)";
				SWIFT_EMIT_LOC_STRINGS = YES;
				SWIFT_OBJC_BRIDGING_HEADER = "JHPopupManagerDemo/Alert/JHPopupManagerDemo-Bridging-Header.h";
				SWIFT_VERSION = 5.0;
				TARGETED_DEVICE_FAMILY = "1,2";
			};
			name = Release;
		};
		35D173032DF9881E00581404 /* Debug */ = {
			isa = XCBuildConfiguration;
			buildSettings = {
				ALWAYS_SEARCH_USER_PATHS = NO;
				ASSETCATALOG_COMPILER_GENERATE_SWIFT_ASSET_SYMBOL_EXTENSIONS = YES;
				CLANG_ANALYZER_NONNULL = YES;
				CLANG_ANALYZER_NUMBER_OBJECT_CONVERSION = YES_AGGRESSIVE;
				CLANG_CXX_LANGUAGE_STANDARD = "gnu++20";
				CLANG_ENABLE_MODULES = YES;
				CLANG_ENABLE_OBJC_ARC = YES;
				CLANG_ENABLE_OBJC_WEAK = YES;
				CLANG_WARN_BLOCK_CAPTURE_AUTORELEASING = YES;
				CLANG_WARN_BOOL_CONVERSION = YES;
				CLANG_WARN_COMMA = YES;
				CLANG_WARN_CONSTANT_CONVERSION = YES;
				CLANG_WARN_DEPRECATED_OBJC_IMPLEMENTATIONS = YES;
				CLANG_WARN_DIRECT_OBJC_ISA_USAGE = YES_ERROR;
				CLANG_WARN_DOCUMENTATION_COMMENTS = YES;
				CLANG_WARN_EMPTY_BODY = YES;
				CLANG_WARN_ENUM_CONVERSION = YES;
				CLANG_WARN_INFINITE_RECURSION = YES;
				CLANG_WARN_INT_CONVERSION = YES;
				CLANG_WARN_NON_LITERAL_NULL_CONVERSION = YES;
				CLANG_WARN_OBJC_IMPLICIT_RETAIN_SELF = YES;
				CLANG_WARN_OBJC_LITERAL_CONVERSION = YES;
				CLANG_WARN_OBJC_ROOT_CLASS = YES_ERROR;
				CLANG_WARN_QUOTED_INCLUDE_IN_FRAMEWORK_HEADER = YES;
				CLANG_WARN_RANGE_LOOP_ANALYSIS = YES;
				CLANG_WARN_STRICT_PROTOTYPES = YES;
				CLANG_WARN_SUSPICIOUS_MOVE = YES;
				CLANG_WARN_UNGUARDED_AVAILABILITY = YES_AGGRESSIVE;
				CLANG_WARN_UNREACHABLE_CODE = YES;
				CLANG_WARN__DUPLICATE_METHOD_MATCH = YES;
				COPY_PHASE_STRIP = NO;
				DEBUG_INFORMATION_FORMAT = dwarf;
				ENABLE_STRICT_OBJC_MSGSEND = YES;
				ENABLE_TESTABILITY = YES;
				ENABLE_USER_SCRIPT_SANDBOXING = YES;
				GCC_C_LANGUAGE_STANDARD = gnu17;
				GCC_DYNAMIC_NO_PIC = NO;
				GCC_NO_COMMON_BLOCKS = YES;
				GCC_OPTIMIZATION_LEVEL = 0;
				GCC_PREPROCESSOR_DEFINITIONS = (
					"DEBUG=1",
					"$(inherited)",
				);
				GCC_WARN_64_TO_32_BIT_CONVERSION = YES;
				GCC_WARN_ABOUT_RETURN_TYPE = YES_ERROR;
				GCC_WARN_UNDECLARED_SELECTOR = YES;
				GCC_WARN_UNINITIALIZED_AUTOS = YES_AGGRESSIVE;
				GCC_WARN_UNUSED_FUNCTION = YES;
				GCC_WARN_UNUSED_VARIABLE = YES;
				IPHONEOS_DEPLOYMENT_TARGET = 18.2;
				LOCALIZATION_PREFERS_STRING_CATALOGS = YES;
				MTL_ENABLE_DEBUG_INFO = INCLUDE_SOURCE;
				MTL_FAST_MATH = YES;
				ONLY_ACTIVE_ARCH = YES;
				SDKROOT = iphoneos;
				SWIFT_ACTIVE_COMPILATION_CONDITIONS = "DEBUG $(inherited)";
				SWIFT_OPTIMIZATION_LEVEL = "-Onone";
			};
			name = Debug;
		};
		35D173042DF9881E00581404 /* Release */ = {
			isa = XCBuildConfiguration;
			buildSettings = {
				ALWAYS_SEARCH_USER_PATHS = NO;
				ASSETCATALOG_COMPILER_GENERATE_SWIFT_ASSET_SYMBOL_EXTENSIONS = YES;
				CLANG_ANALYZER_NONNULL = YES;
				CLANG_ANALYZER_NUMBER_OBJECT_CONVERSION = YES_AGGRESSIVE;
				CLANG_CXX_LANGUAGE_STANDARD = "gnu++20";
				CLANG_ENABLE_MODULES = YES;
				CLANG_ENABLE_OBJC_ARC = YES;
				CLANG_ENABLE_OBJC_WEAK = YES;
				CLANG_WARN_BLOCK_CAPTURE_AUTORELEASING = YES;
				CLANG_WARN_BOOL_CONVERSION = YES;
				CLANG_WARN_COMMA = YES;
				CLANG_WARN_CONSTANT_CONVERSION = YES;
				CLANG_WARN_DEPRECATED_OBJC_IMPLEMENTATIONS = YES;
				CLANG_WARN_DIRECT_OBJC_ISA_USAGE = YES_ERROR;
				CLANG_WARN_DOCUMENTATION_COMMENTS = YES;
				CLANG_WARN_EMPTY_BODY = YES;
				CLANG_WARN_ENUM_CONVERSION = YES;
				CLANG_WARN_INFINITE_RECURSION = YES;
				CLANG_WARN_INT_CONVERSION = YES;
				CLANG_WARN_NON_LITERAL_NULL_CONVERSION = YES;
				CLANG_WARN_OBJC_IMPLICIT_RETAIN_SELF = YES;
				CLANG_WARN_OBJC_LITERAL_CONVERSION = YES;
				CLANG_WARN_OBJC_ROOT_CLASS = YES_ERROR;
				CLANG_WARN_QUOTED_INCLUDE_IN_FRAMEWORK_HEADER = YES;
				CLANG_WARN_RANGE_LOOP_ANALYSIS = YES;
				CLANG_WARN_STRICT_PROTOTYPES = YES;
				CLANG_WARN_SUSPICIOUS_MOVE = YES;
				CLANG_WARN_UNGUARDED_AVAILABILITY = YES_AGGRESSIVE;
				CLANG_WARN_UNREACHABLE_CODE = YES;
				CLANG_WARN__DUPLICATE_METHOD_MATCH = YES;
				COPY_PHASE_STRIP = NO;
				DEBUG_INFORMATION_FORMAT = "dwarf-with-dsym";
				ENABLE_NS_ASSERTIONS = NO;
				ENABLE_STRICT_OBJC_MSGSEND = YES;
				ENABLE_USER_SCRIPT_SANDBOXING = YES;
				GCC_C_LANGUAGE_STANDARD = gnu17;
				GCC_NO_COMMON_BLOCKS = YES;
				GCC_WARN_64_TO_32_BIT_CONVERSION = YES;
				GCC_WARN_ABOUT_RETURN_TYPE = YES_ERROR;
				GCC_WARN_UNDECLARED_SELECTOR = YES;
				GCC_WARN_UNINITIALIZED_AUTOS = YES_AGGRESSIVE;
				GCC_WARN_UNUSED_FUNCTION = YES;
				GCC_WARN_UNUSED_VARIABLE = YES;
				IPHONEOS_DEPLOYMENT_TARGET = 18.2;
				LOCALIZATION_PREFERS_STRING_CATALOGS = YES;
				MTL_ENABLE_DEBUG_INFO = NO;
				MTL_FAST_MATH = YES;
				SDKROOT = iphoneos;
				SWIFT_COMPILATION_MODE = wholemodule;
				VALIDATE_PRODUCT = YES;
			};
			name = Release;
		};
		35D173062DF9881E00581404 /* Debug */ = {
			isa = XCBuildConfiguration;
			buildSettings = {
				BUNDLE_LOADER = "$(TEST_HOST)";
				CODE_SIGN_STYLE = Automatic;
				CURRENT_PROJECT_VERSION = 1;
				GENERATE_INFOPLIST_FILE = YES;
				IPHONEOS_DEPLOYMENT_TARGET = 18.2;
				MARKETING_VERSION = 1.0;
				PRODUCT_BUNDLE_IDENTIFIER = com.ogc.www.JHPopupManagerDemoTests;
				PRODUCT_NAME = "$(TARGET_NAME)";
				SWIFT_EMIT_LOC_STRINGS = NO;
				SWIFT_VERSION = 5.0;
				TARGETED_DEVICE_FAMILY = "1,2";
				TEST_HOST = "$(BUILT_PRODUCTS_DIR)/JHPopupManagerDemo.app/$(BUNDLE_EXECUTABLE_FOLDER_PATH)/JHPopupManagerDemo";
			};
			name = Debug;
		};
		35D173072DF9881E00581404 /* Release */ = {
			isa = XCBuildConfiguration;
			buildSettings = {
				BUNDLE_LOADER = "$(TEST_HOST)";
				CODE_SIGN_STYLE = Automatic;
				CURRENT_PROJECT_VERSION = 1;
				GENERATE_INFOPLIST_FILE = YES;
				IPHONEOS_DEPLOYMENT_TARGET = 18.2;
				MARKETING_VERSION = 1.0;
				PRODUCT_BUNDLE_IDENTIFIER = com.ogc.www.JHPopupManagerDemoTests;
				PRODUCT_NAME = "$(TARGET_NAME)";
				SWIFT_EMIT_LOC_STRINGS = NO;
				SWIFT_VERSION = 5.0;
				TARGETED_DEVICE_FAMILY = "1,2";
				TEST_HOST = "$(BUILT_PRODUCTS_DIR)/JHPopupManagerDemo.app/$(BUNDLE_EXECUTABLE_FOLDER_PATH)/JHPopupManagerDemo";
			};
			name = Release;
		};
		35D173092DF9881E00581404 /* Debug */ = {
			isa = XCBuildConfiguration;
			buildSettings = {
				CODE_SIGN_STYLE = Automatic;
				CURRENT_PROJECT_VERSION = 1;
				GENERATE_INFOPLIST_FILE = YES;
				MARKETING_VERSION = 1.0;
				PRODUCT_BUNDLE_IDENTIFIER = com.ogc.www.JHPopupManagerDemoUITests;
				PRODUCT_NAME = "$(TARGET_NAME)";
				SWIFT_EMIT_LOC_STRINGS = NO;
				SWIFT_VERSION = 5.0;
				TARGETED_DEVICE_FAMILY = "1,2";
				TEST_TARGET_NAME = JHPopupManagerDemo;
			};
			name = Debug;
		};
		35D1730A2DF9881E00581404 /* Release */ = {
			isa = XCBuildConfiguration;
			buildSettings = {
				CODE_SIGN_STYLE = Automatic;
				CURRENT_PROJECT_VERSION = 1;
				GENERATE_INFOPLIST_FILE = YES;
				MARKETING_VERSION = 1.0;
				PRODUCT_BUNDLE_IDENTIFIER = com.ogc.www.JHPopupManagerDemoUITests;
				PRODUCT_NAME = "$(TARGET_NAME)";
				SWIFT_EMIT_LOC_STRINGS = NO;
				SWIFT_VERSION = 5.0;
				TARGETED_DEVICE_FAMILY = "1,2";
				TEST_TARGET_NAME = JHPopupManagerDemo;
			};
			name = Release;
		};
/* End XCBuildConfiguration section */

/* Begin XCConfigurationList section */
		35D172D22DF9881C00581404 /* Build configuration list for PBXProject "JHPopupManagerDemo" */ = {
			isa = XCConfigurationList;
			buildConfigurations = (
				35D173032DF9881E00581404 /* Debug */,
				35D173042DF9881E00581404 /* Release */,
			);
			defaultConfigurationIsVisible = 0;
			defaultConfigurationName = Release;
		};
		35D173002DF9881E00581404 /* Build configuration list for PBXNativeTarget "JHPopupManagerDemo" */ = {
			isa = XCConfigurationList;
			buildConfigurations = (
				35D173012DF9881E00581404 /* Debug */,
				35D173022DF9881E00581404 /* Release */,
			);
			defaultConfigurationIsVisible = 0;
			defaultConfigurationName = Release;
		};
		35D173052DF9881E00581404 /* Build configuration list for PBXNativeTarget "JHPopupManagerDemoTests" */ = {
			isa = XCConfigurationList;
			buildConfigurations = (
				35D173062DF9881E00581404 /* Debug */,
				35D173072DF9881E00581404 /* Release */,
			);
			defaultConfigurationIsVisible = 0;
			defaultConfigurationName = Release;
		};
		35D173082DF9881E00581404 /* Build configuration list for PBXNativeTarget "JHPopupManagerDemoUITests" */ = {
			isa = XCConfigurationList;
			buildConfigurations = (
				35D173092DF9881E00581404 /* Debug */,
				35D1730A2DF9881E00581404 /* Release */,
			);
			defaultConfigurationIsVisible = 0;
			defaultConfigurationName = Release;
		};
/* End XCConfigurationList section */
	};
	rootObject = 35D172CF2DF9881C00581404 /* Project object */;
}
